
Microsoft Visual Studio Solution File, Format Version 12.00
# Visual Studio Version 16
VisualStudioVersion = 16.0.28803.452
MinimumVisualStudioVersion = 10.0.40219.1
Project("{FAE04EC0-301F-11D3-BF4B-00C04F79EFBC}") = "Tutorial.Web", "Tutorial.Web\Tutorial.Web.csproj", "{B69D4491-03F1-4662-94FA-EBB698B5D6DD}"
EndProject
Global
	GlobalSection(SolutionConfigurationPlatforms) = preSolution
		Debug|Any CPU = Debug|Any CPU
		Release|Any CPU = Release|Any CPU
	EndGlobalSection
	GlobalSection(ProjectConfigurationPlatforms) = postSolution
		{B69D4491-03F1-4662-94FA-EBB698B5D6DD}.Debug|Any CPU.ActiveCfg = Debug|Any CPU
		{B69D4491-03F1-4662-94FA-EBB698B5D6DD}.Debug|Any CPU.Build.0 = Debug|Any CPU
		{B69D4491-03F1-4662-94FA-EBB698B5D6DD}.Release|Any CPU.ActiveCfg = Release|Any CPU
		{B69D4491-03F1-4662-94FA-EBB698B5D6DD}.Release|Any CPU.Build.0 = Release|Any CPU
	EndGlobalSection
	GlobalSection(SolutionProperties) = preSolution
		HideSolutionNode = FALSE
	EndGlobalSection
	GlobalSection(ExtensibilityGlobals) = postSolution
		SolutionGuid = {22588988-0847-484B-8E60-9CCF66FF2A69}
	EndGlobalSection
EndGlobal
